
Microsoft Visual Studio Solution File, Format Version 12.00
# Visual Studio Express 14 for Web
VisualStudioVersion = 14.0.24720.0
MinimumVisualStudioVersion = 10.0.40219.1
Project("{FAE04EC0-301F-11D3-BF4B-00C04F79EFBC}") = "BusTravel_UI", "BusTravel_UI\BusTravel_UI.csproj", "{D5D0E765-6127-4C8B-BF9B-816243D5D968}"
EndProject
Project("{FAE04EC0-301F-11D3-BF4B-00C04F79EFBC}") = "BusTravel_AppLogic", "BusTravel_AppLogic\BusTravel_AppLogic.csproj", "{882E1E35-0A70-4A51-8BCA-A59E15E4973C}"
EndProject
Project("{FAE04EC0-301F-11D3-BF4B-00C04F79EFBC}") = "BusTravel_Data", "BusTravel_Data\BusTravel_Data.csproj", "{87F53395-3217-4987-93B4-DE768FEB87E8}"
EndProject
Global
	GlobalSection(SolutionConfigurationPlatforms) = preSolution
		Debug|Any CPU = Debug|Any CPU
		Release|Any CPU = Release|Any CPU
	EndGlobalSection
	GlobalSection(ProjectConfigurationPlatforms) = postSolution
		{D5D0E765-6127-4C8B-BF9B-816243D5D968}.Debug|Any CPU.ActiveCfg = Debug|Any CPU
		{D5D0E765-6127-4C8B-BF9B-816243D5D968}.Debug|Any CPU.Build.0 = Debug|Any CPU
		{D5D0E765-6127-4C8B-BF9B-816243D5D968}.Release|Any CPU.ActiveCfg = Release|Any CPU
		{D5D0E765-6127-4C8B-BF9B-816243D5D968}.Release|Any CPU.Build.0 = Release|Any CPU
		{882E1E35-0A70-4A51-8BCA-A59E15E4973C}.Debug|Any CPU.ActiveCfg = Debug|Any CPU
		{882E1E35-0A70-4A51-8BCA-A59E15E4973C}.Debug|Any CPU.Build.0 = Debug|Any CPU
		{882E1E35-0A70-4A51-8BCA-A59E15E4973C}.Release|Any CPU.ActiveCfg = Release|Any CPU
		{882E1E35-0A70-4A51-8BCA-A59E15E4973C}.Release|Any CPU.Build.0 = Release|Any CPU
		{87F53395-3217-4987-93B4-DE768FEB87E8}.Debug|Any CPU.ActiveCfg = Debug|Any CPU
		{87F53395-3217-4987-93B4-DE768FEB87E8}.Debug|Any CPU.Build.0 = Debug|Any CPU
		{87F53395-3217-4987-93B4-DE768FEB87E8}.Release|Any CPU.ActiveCfg = Release|Any CPU
		{87F53395-3217-4987-93B4-DE768FEB87E8}.Release|Any CPU.Build.0 = Release|Any CPU
	EndGlobalSection
	GlobalSection(SolutionProperties) = preSolution
		HideSolutionNode = FALSE
	EndGlobalSection
EndGlobal
